// !$*UTF8*$!
{
	archiveVersion = 1;
	classes = {
	};
	objectVersion = 50;
	objects = {

/* Begin PBXBuildFile section */
		8BD06128237736F80009A3F5 /* AppDelegate.swift in Sources */ = {isa = PBXBuildFile; fileRef = 8BD06127237736F80009A3F5 /* AppDelegate.swift */; };
		8BD0612A237736F80009A3F5 /* SceneDelegate.swift in Sources */ = {isa = PBXBuildFile; fileRef = 8BD06129237736F80009A3F5 /* SceneDelegate.swift */; };
		8BD0612C237736F80009A3F5 /* ContentView.swift in Sources */ = {isa = PBXBuildFile; fileRef = 8BD0612B237736F80009A3F5 /* ContentView.swift */; };
		8BD0612E237736FB0009A3F5 /* Assets.xcassets in Resources */ = {isa = PBXBuildFile; fileRef = 8BD0612D237736FB0009A3F5 /* Assets.xcassets */; };
		8BD06131237736FB0009A3F5 /* Preview Assets.xcassets in Resources */ = {isa = PBXBuildFile; fileRef = 8BD06130237736FB0009A3F5 /* Preview Assets.xcassets */; };
		8BD06134237736FB0009A3F5 /* LaunchScreen.storyboard in Resources */ = {isa = PBXBuildFile; fileRef = 8BD06132237736FB0009A3F5 /* LaunchScreen.storyboard */; };
		8BD0613C237771810009A3F5 /* PostView.swift in Sources */ = {isa = PBXBuildFile; fileRef = 8BD0613B237771810009A3F5 /* PostView.swift */; };
		8BD0613E237771AF0009A3F5 /* User.swift in Sources */ = {isa = PBXBuildFile; fileRef = 8BD0613D237771AF0009A3F5 /* User.swift */; };
		8BD06140237771C60009A3F5 /* Post.swift in Sources */ = {isa = PBXBuildFile; fileRef = 8BD0613F237771C60009A3F5 /* Post.swift */; };
/* End PBXBuildFile section */

/* Begin PBXFileReference section */
		8BD06124237736F80009A3F5 /* FacebookSwiftUI.app */ = {isa = PBXFileReference; explicitFileType = wrapper.application; includeInIndex = 0; path = FacebookSwiftUI.app; sourceTree = BUILT_PRODUCTS_DIR; };
		8BD06127237736F80009A3F5 /* AppDelegate.swift */ = {isa = PBXFileReference; lastKnownFileType = sourcecode.swift; path = AppDelegate.swift; sourceTree = "<group>"; };
		8BD06129237736F80009A3F5 /* SceneDelegate.swift */ = {isa = PBXFileReference; lastKnownFileType = sourcecode.swift; path = SceneDelegate.swift; sourceTree = "<group>"; };
		8BD0612B237736F80009A3F5 /* ContentView.swift */ = {isa = PBXFileReference; lastKnownFileType = sourcecode.swift; path = ContentView.swift; sourceTree = "<group>"; };
		8BD0612D237736FB0009A3F5 /* Assets.xcassets */ = {isa = PBXFileReference; lastKnownFileType = folder.assetcatalog; path = Assets.xcassets; sourceTree = "<group>"; };
		8BD06130237736FB0009A3F5 /* Preview Assets.xcassets */ = {isa = PBXFileReference; lastKnownFileType = folder.assetcatalog; path = "Preview Assets.xcassets"; sourceTree = "<group>"; };
		8BD06133237736FB0009A3F5 /* Base */ = {isa = PBXFileReference; lastKnownFileType = file.storyboard; name = Base; path = Base.lproj/LaunchScreen.storyboard; sourceTree = "<group>"; };
		8BD06135237736FB0009A3F5 /* Info.plist */ = {isa = PBXFileReference; lastKnownFileType = text.plist.xml; path = Info.plist; sourceTree = "<group>"; };
		8BD0613B237771810009A3F5 /* PostView.swift */ = {isa = PBXFileReference; lastKnownFileType = sourcecode.swift; path = PostView.swift; sourceTree = "<group>"; };
		8BD0613D237771AF0009A3F5 /* User.swift */ = {isa = PBXFileReference; lastKnownFileType = sourcecode.swift; path = User.swift; sourceTree = "<group>"; };
		8BD0613F237771C60009A3F5 /* Post.swift */ = {isa = PBXFileReference; lastKnownFileType = sourcecode.swift; path = Post.swift; sourceTree = "<group>"; };
/* End PBXFileReference section */

/* Begin PBXFrameworksBuildPhase section */
		8BD06121237736F80009A3F5 /* Frameworks */ = {
			isa = PBXFrameworksBuildPhase;
			buildActionMask = 2147483647;
			files = (
			);
			runOnlyForDeploymentPostprocessing = 0;
		};
/* End PBXFrameworksBuildPhase section */

/* Begin PBXGroup section */
		8BD0611B237736F80009A3F5 = {
			isa = PBXGroup;
			children = (
				8BD06126237736F80009A3F5 /* FacebookSwiftUI */,
				8BD06125237736F80009A3F5 /* Products */,
			);
			sourceTree = "<group>";
		};
		8BD06125237736F80009A3F5 /* Products */ = {
			isa = PBXGroup;
			children = (
				8BD06124237736F80009A3F5 /* FacebookSwiftUI.app */,
			);
			name = Products;
			sourceTree = "<group>";
		};
		8BD06126237736F80009A3F5 /* FacebookSwiftUI */ = {
			isa = PBXGroup;
			children = (
				8BD06127237736F80009A3F5 /* AppDelegate.swift */,
				8BD06129237736F80009A3F5 /* SceneDelegate.swift */,
				8BD0612B237736F80009A3F5 /* ContentView.swift */,
				8BD0613B237771810009A3F5 /* PostView.swift */,
				8BD0612D237736FB0009A3F5 /* Assets.xcassets */,
				8BD06132237736FB0009A3F5 /* LaunchScreen.storyboard */,
				8BD06135237736FB0009A3F5 /* Info.plist */,
				8BD06141237771D10009A3F5 /* Models */,
				8BD0612F237736FB0009A3F5 /* Preview Content */,
			);
			path = FacebookSwiftUI;
			sourceTree = "<group>";
		};
		8BD0612F237736FB0009A3F5 /* Preview Content */ = {
			isa = PBXGroup;
			children = (
				8BD06130237736FB0009A3F5 /* Preview Assets.xcassets */,
			);
			path = "Preview Content";
			sourceTree = "<group>";
		};
		8BD06141237771D10009A3F5 /* Models */ = {
			isa = PBXGroup;
			children = (
				8BD0613D237771AF0009A3F5 /* User.swift */,
				8BD0613F237771C60009A3F5 /* Post.swift */,
			);
			path = Models;
			sourceTree = "<group>";
		};
/* End PBXGroup section */

/* Begin PBXNativeTarget section */
		8BD06123237736F80009A3F5 /* FacebookSwiftUI */ = {
			isa = PBXNativeTarget;
			buildConfigurationList = 8BD06138237736FB0009A3F5 /* Build configuration list for PBXNativeTarget "FacebookSwiftUI" */;
			buildPhases = (
				8BD06120237736F80009A3F5 /* Sources */,
				8BD06121237736F80009A3F5 /* Frameworks */,
				8BD06122237736F80009A3F5 /* Resources */,
			);
			buildRules = (
			);
			dependencies = (
			);
			name = FacebookSwiftUI;
			productName = FacebookSwiftUI;
			productReference = 8BD06124237736F80009A3F5 /* FacebookSwiftUI.app */;
			productType = "com.apple.product-type.application";
		};
/* End PBXNativeTarget section */

/* Begin PBXProject section */
		8BD0611C237736F80009A3F5 /* Project object */ = {
			isa = PBXProject;
			attributes = {
				LastSwiftUpdateCheck = 1120;
				LastUpgradeCheck = 1120;
				ORGANIZATIONNAME = "Igor Soares";
				TargetAttributes = {
					8BD06123237736F80009A3F5 = {
						CreatedOnToolsVersion = 11.2;
					};
				};
			};
			buildConfigurationList = 8BD0611F237736F80009A3F5 /* Build configuration list for PBXProject "FacebookSwiftUI" */;
			compatibilityVersion = "Xcode 9.3";
			developmentRegion = en;
			hasScannedForEncodings = 0;
			knownRegions = (
				en,
				Base,
			);
			mainGroup = 8BD0611B237736F80009A3F5;
			productRefGroup = 8BD06125237736F80009A3F5 /* Products */;
			projectDirPath = "";
			projectRoot = "";
			targets = (
				8BD06123237736F80009A3F5 /* FacebookSwiftUI */,
			);
		};
/* End PBXProject section */

/* Begin PBXResourcesBuildPhase section */
		8BD06122237736F80009A3F5 /* Resources */ = {
			isa = PBXResourcesBuildPhase;
			buildActionMask = 2147483647;
			files = (
				8BD06134237736FB0009A3F5 /* LaunchScreen.storyboard in Resources */,
				8BD06131237736FB0009A3F5 /* Preview Assets.xcassets in Resources */,
				8BD0612E237736FB0009A3F5 /* Assets.xcassets in Resources */,
			);
			runOnlyForDeploymentPostprocessing = 0;
		};
/* End PBXResourcesBuildPhase section */

/* Begin PBXSourcesBuildPhase section */
		8BD06120237736F80009A3F5 /* Sources */ = {
			isa = PBXSourcesBuildPhase;
			buildActionMask = 2147483647;
			files = (
				8BD06128237736F80009A3F5 /* AppDelegate.swift in Sources */,
				8BD06140237771C60009A3F5 /* Post.swift in Sources */,
				8BD0612A237736F80009A3F5 /* SceneDelegate.swift in Sources */,
				8BD0613C237771810009A3F5 /* PostView.swift in Sources */,
				8BD0613E237771AF0009A3F5 /* User.swift in Sources */,
				8BD0612C237736F80009A3F5 /* ContentView.swift in Sources */,
			);
			runOnlyForDeploymentPostprocessing = 0;
		};
/* End PBXSourcesBuildPhase section */

/* Begin PBXVariantGroup section */
		8BD06132237736FB0009A3F5 /* LaunchScreen.storyboard */ = {
			isa = PBXVariantGroup;
			children = (
				8BD06133237736FB0009A3F5 /* Base */,
			);
			name = LaunchScreen.storyboard;
			sourceTree = "<group>";
		};
/* End PBXVariantGroup section */

/* Begin XCBuildConfiguration section */
		8BD06136237736FB0009A3F5 /* Debug */ = {
			isa = XCBuildConfiguration;
			buildSettings = {
				ALWAYS_SEARCH_USER_PATHS = NO;
				CLANG_ANALYZER_NONNULL = YES;
				CLANG_ANALYZER_NUMBER_OBJECT_CONVERSION = YES_AGGRESSIVE;
				CLANG_CXX_LANGUAGE_STANDARD = "gnu++14";
				CLANG_CXX_LIBRARY = "libc++";
				CLANG_ENABLE_MODULES = YES;
				CLANG_ENABLE_OBJC_ARC = YES;
				CLANG_ENABLE_OBJC_WEAK = YES;
				CLANG_WARN_BLOCK_CAPTURE_AUTORELEASING = YES;
				CLANG_WARN_BOOL_CONVERSION = YES;
				CLANG_WARN_COMMA = YES;
				CLANG_WARN_CONSTANT_CONVERSION = YES;
				CLANG_WARN_DEPRECATED_OBJC_IMPLEMENTATIONS = YES;
				CLANG_WARN_DIRECT_OBJC_ISA_USAGE = YES_ERROR;
				CLANG_WARN_DOCUMENTATION_COMMENTS = YES;
				CLANG_WARN_EMPTY_BODY = YES;
				CLANG_WARN_ENUM_CONVERSION = YES;
				CLANG_WARN_INFINITE_RECURSION = YES;
				CLANG_WARN_INT_CONVERSION = YES;
				CLANG_WARN_NON_LITERAL_NULL_CONVERSION = YES;
				CLANG_WARN_OBJC_IMPLICIT_RETAIN_SELF = YES;
				CLANG_WARN_OBJC_LITERAL_CONVERSION = YES;
				CLANG_WARN_OBJC_ROOT_CLASS = YES_ERROR;
				CLANG_WARN_RANGE_LOOP_ANALYSIS = YES;
				CLANG_WARN_STRICT_PROTOTYPES = YES;
				CLANG_WARN_SUSPICIOUS_MOVE = YES;
				CLANG_WARN_UNGUARDED_AVAILABILITY = YES_AGGRESSIVE;
				CLANG_WARN_UNREACHABLE_CODE = YES;
				CLANG_WARN__DUPLICATE_METHOD_MATCH = YES;
				COPY_PHASE_STRIP = NO;
				DEBUG_INFORMATION_FORMAT = dwarf;
				ENABLE_STRICT_OBJC_MSGSEND = YES;
				ENABLE_TESTABILITY = YES;
				GCC_C_LANGUAGE_STANDARD = gnu11;
				GCC_DYNAMIC_NO_PIC = NO;
				GCC_NO_COMMON_BLOCKS = YES;
				GCC_OPTIMIZATION_LEVEL = 0;
				GCC_PREPROCESSOR_DEFINITIONS = (
					"DEBUG=1",
					"$(inherited)",
				);
				GCC_WARN_64_TO_32_BIT_CONVERSION = YES;
				GCC_WARN_ABOUT_RETURN_TYPE = YES_ERROR;
				GCC_WARN_UNDECLARED_SELECTOR = YES;
				GCC_WARN_UNINITIALIZED_AUTOS = YES_AGGRESSIVE;
				GCC_WARN_UNUSED_FUNCTION = YES;
				GCC_WARN_UNUSED_VARIABLE = YES;
				IPHONEOS_DEPLOYMENT_TARGET = 13.2;
				MTL_ENABLE_DEBUG_INFO = INCLUDE_SOURCE;
				MTL_FAST_MATH = YES;
				ONLY_ACTIVE_ARCH = YES;
				SDKROOT = iphoneos;
				SWIFT_ACTIVE_COMPILATION_CONDITIONS = DEBUG;
				SWIFT_OPTIMIZATION_LEVEL = "-Onone";
			};
			name = Debug;
		};
		8BD06137237736FB0009A3F5 /* Release */ = {
			isa = XCBuildConfiguration;
			buildSettings = {
				ALWAYS_SEARCH_USER_PATHS = NO;
				CLANG_ANALYZER_NONNULL = YES;
				CLANG_ANALYZER_NUMBER_OBJECT_CONVERSION = YES_AGGRESSIVE;
				CLANG_CXX_LANGUAGE_STANDARD = "gnu++14";
				CLANG_CXX_LIBRARY = "libc++";
				CLANG_ENABLE_MODULES = YES;
				CLANG_ENABLE_OBJC_ARC = YES;
				CLANG_ENABLE_OBJC_WEAK = YES;
				CLANG_WARN_BLOCK_CAPTURE_AUTORELEASING = YES;
				CLANG_WARN_BOOL_CONVERSION = YES;
				CLANG_WARN_COMMA = YES;
				CLANG_WARN_CONSTANT_CONVERSION = YES;
				CLANG_WARN_DEPRECATED_OBJC_IMPLEMENTATIONS = YES;
				CLANG_WARN_DIRECT_OBJC_ISA_USAGE = YES_ERROR;
				CLANG_WARN_DOCUMENTATION_COMMENTS = YES;
				CLANG_WARN_EMPTY_BODY = YES;
				CLANG_WARN_ENUM_CONVERSION = YES;
				CLANG_WARN_INFINITE_RECURSION = YES;
				CLANG_WARN_INT_CONVERSION = YES;
				CLANG_WARN_NON_LITERAL_NULL_CONVERSION = YES;
				CLANG_WARN_OBJC_IMPLICIT_RETAIN_SELF = YES;
				CLANG_WARN_OBJC_LITERAL_CONVERSION = YES;
				CLANG_WARN_OBJC_ROOT_CLASS = YES_ERROR;
				CLANG_WARN_RANGE_LOOP_ANALYSIS = YES;
				CLANG_WARN_STRICT_PROTOTYPES = YES;
				CLANG_WARN_SUSPICIOUS_MOVE = YES;
				CLANG_WARN_UNGUARDED_AVAILABILITY = YES_AGGRESSIVE;
				CLANG_WARN_UNREACHABLE_CODE = YES;
				CLANG_WARN__DUPLICATE_METHOD_MATCH = YES;
				COPY_PHASE_STRIP = NO;
				DEBUG_INFORMATION_FORMAT = "dwarf-with-dsym";
				ENABLE_NS_ASSERTIONS = NO;
				ENABLE_STRICT_OBJC_MSGSEND = YES;
				GCC_C_LANGUAGE_STANDARD = gnu11;
				GCC_NO_COMMON_BLOCKS = YES;
				GCC_WARN_64_TO_32_BIT_CONVERSION = YES;
				GCC_WARN_ABOUT_RETURN_TYPE = YES_ERROR;
				GCC_WARN_UNDECLARED_SELECTOR = YES;
				GCC_WARN_UNINITIALIZED_AUTOS = YES_AGGRESSIVE;
				GCC_WARN_UNUSED_FUNCTION = YES;
				GCC_WARN_UNUSED_VARIABLE = YES;
				IPHONEOS_DEPLOYMENT_TARGET = 13.2;
				MTL_ENABLE_DEBUG_INFO = NO;
				MTL_FAST_MATH = YES;
				SDKROOT = iphoneos;
				SWIFT_COMPILATION_MODE = wholemodule;
				SWIFT_OPTIMIZATION_LEVEL = "-O";
				VALIDATE_PRODUCT = YES;
			};
			name = Release;
		};
		8BD06139237736FB0009A3F5 /* Debug */ = {
			isa = XCBuildConfiguration;
			buildSettings = {
				ASSETCATALOG_COMPILER_APPICON_NAME = AppIcon;
				CODE_SIGN_STYLE = Automatic;
				DEVELOPMENT_ASSET_PATHS = "\"FacebookSwiftUI/Preview Content\"";
				ENABLE_PREVIEWS = YES;
				INFOPLIST_FILE = FacebookSwiftUI/Info.plist;
				LD_RUNPATH_SEARCH_PATHS = (
					"$(inherited)",
					"@executable_path/Frameworks",
				);
				PRODUCT_BUNDLE_IDENTIFIER = com.igorsoares.FacebookSwiftUI;
				PRODUCT_NAME = "$(TARGET_NAME)";
				SWIFT_VERSION = 5.0;
				TARGETED_DEVICE_FAMILY = "1,2";
			};
			name = Debug;
		};
		8BD0613A237736FB0009A3F5 /* Release */ = {
			isa = XCBuildConfiguration;
			buildSettings = {
				ASSETCATALOG_COMPILER_APPICON_NAME = AppIcon;
				CODE_SIGN_STYLE = Automatic;
				DEVELOPMENT_ASSET_PATHS = "\"FacebookSwiftUI/Preview Content\"";
				ENABLE_PREVIEWS = YES;
				INFOPLIST_FILE = FacebookSwiftUI/Info.plist;
				LD_RUNPATH_SEARCH_PATHS = (
					"$(inherited)",
					"@executable_path/Frameworks",
				);
				PRODUCT_BUNDLE_IDENTIFIER = com.igorsoares.FacebookSwiftUI;
				PRODUCT_NAME = "$(TARGET_NAME)";
				SWIFT_VERSION = 5.0;
				TARGETED_DEVICE_FAMILY = "1,2";
			};
			name = Release;
		};
/* End XCBuildConfiguration section */

/* Begin XCConfigurationList section */
		8BD0611F237736F80009A3F5 /* Build configuration list for PBXProject "FacebookSwiftUI" */ = {
			isa = XCConfigurationList;
			buildConfigurations = (
				8BD06136237736FB0009A3F5 /* Debug */,
				8BD06137237736FB0009A3F5 /* Release */,
			);
			defaultConfigurationIsVisible = 0;
			defaultConfigurationName = Release;
		};
		8BD06138237736FB0009A3F5 /* Build configuration list for PBXNativeTarget "FacebookSwiftUI" */ = {
			isa = XCConfigurationList;
			buildConfigurations = (
				8BD06139237736FB0009A3F5 /* Debug */,
				8BD0613A237736FB0009A3F5 /* Release */,
			);
			defaultConfigurationIsVisible = 0;
			defaultConfigurationName = Release;
		};
/* End XCConfigurationList section */
	};
	rootObject = 8BD0611C237736F80009A3F5 /* Project object */;
}
